// !$*UTF8*$!
{
	archiveVersion = 1;
	classes = {
	};
	objectVersion = 46;
	objects = {

/* Begin PBXBuildFile section */
		C11335DF1DF39CB700967A6E /* Image+CoreDataClass.swift in Sources */ = {isa = PBXBuildFile; fileRef = C11335D71DF39CB700967A6E /* Image+CoreDataClass.swift */; };
		C11335E01DF39CB700967A6E /* Image+CoreDataProperties.swift in Sources */ = {isa = PBXBuildFile; fileRef = C11335D81DF39CB700967A6E /* Image+CoreDataProperties.swift */; };
		C11335E11DF39CB700967A6E /* Item+CoreDataClass.swift in Sources */ = {isa = PBXBuildFile; fileRef = C11335D91DF39CB700967A6E /* Item+CoreDataClass.swift */; };
		C11335E21DF39CB700967A6E /* Item+CoreDataProperties.swift in Sources */ = {isa = PBXBuildFile; fileRef = C11335DA1DF39CB700967A6E /* Item+CoreDataProperties.swift */; };
		C11335E31DF39CB700967A6E /* ItemType+CoreDataClass.swift in Sources */ = {isa = PBXBuildFile; fileRef = C11335DB1DF39CB700967A6E /* ItemType+CoreDataClass.swift */; };
		C11335E41DF39CB700967A6E /* ItemType+CoreDataProperties.swift in Sources */ = {isa = PBXBuildFile; fileRef = C11335DC1DF39CB700967A6E /* ItemType+CoreDataProperties.swift */; };
		C11335E51DF39CB700967A6E /* Store+CoreDataClass.swift in Sources */ = {isa = PBXBuildFile; fileRef = C11335DD1DF39CB700967A6E /* Store+CoreDataClass.swift */; };
		C11335E61DF39CB700967A6E /* Store+CoreDataProperties.swift in Sources */ = {isa = PBXBuildFile; fileRef = C11335DE1DF39CB700967A6E /* Store+CoreDataProperties.swift */; };
		C1D807E41DF38FE300EC1B5A /* AppDelegate.swift in Sources */ = {isa = PBXBuildFile; fileRef = C1D807E31DF38FE300EC1B5A /* AppDelegate.swift */; };
		C1D807E61DF38FE300EC1B5A /* MainVC.swift in Sources */ = {isa = PBXBuildFile; fileRef = C1D807E51DF38FE300EC1B5A /* MainVC.swift */; };
		C1D807E91DF38FE300EC1B5A /* Main.storyboard in Resources */ = {isa = PBXBuildFile; fileRef = C1D807E71DF38FE300EC1B5A /* Main.storyboard */; };
		C1D807EC1DF38FE300EC1B5A /* DreamLister.xcdatamodeld in Sources */ = {isa = PBXBuildFile; fileRef = C1D807EA1DF38FE300EC1B5A /* DreamLister.xcdatamodeld */; };
		C1D807EE1DF38FE300EC1B5A /* Assets.xcassets in Resources */ = {isa = PBXBuildFile; fileRef = C1D807ED1DF38FE300EC1B5A /* Assets.xcassets */; };
		C1D807F11DF38FE300EC1B5A /* LaunchScreen.storyboard in Resources */ = {isa = PBXBuildFile; fileRef = C1D807EF1DF38FE300EC1B5A /* LaunchScreen.storyboard */; };
/* End PBXBuildFile section */

/* Begin PBXFileReference section */
		C11335D71DF39CB700967A6E /* Image+CoreDataClass.swift */ = {isa = PBXFileReference; fileEncoding = 4; lastKnownFileType = sourcecode.swift; path = "Image+CoreDataClass.swift"; sourceTree = "<group>"; };
		C11335D81DF39CB700967A6E /* Image+CoreDataProperties.swift */ = {isa = PBXFileReference; fileEncoding = 4; lastKnownFileType = sourcecode.swift; path = "Image+CoreDataProperties.swift"; sourceTree = "<group>"; };
		C11335D91DF39CB700967A6E /* Item+CoreDataClass.swift */ = {isa = PBXFileReference; fileEncoding = 4; lastKnownFileType = sourcecode.swift; path = "Item+CoreDataClass.swift"; sourceTree = "<group>"; };
		C11335DA1DF39CB700967A6E /* Item+CoreDataProperties.swift */ = {isa = PBXFileReference; fileEncoding = 4; lastKnownFileType = sourcecode.swift; path = "Item+CoreDataProperties.swift"; sourceTree = "<group>"; };
		C11335DB1DF39CB700967A6E /* ItemType+CoreDataClass.swift */ = {isa = PBXFileReference; fileEncoding = 4; lastKnownFileType = sourcecode.swift; path = "ItemType+CoreDataClass.swift"; sourceTree = "<group>"; };
		C11335DC1DF39CB700967A6E /* ItemType+CoreDataProperties.swift */ = {isa = PBXFileReference; fileEncoding = 4; lastKnownFileType = sourcecode.swift; path = "ItemType+CoreDataProperties.swift"; sourceTree = "<group>"; };
		C11335DD1DF39CB700967A6E /* Store+CoreDataClass.swift */ = {isa = PBXFileReference; fileEncoding = 4; lastKnownFileType = sourcecode.swift; path = "Store+CoreDataClass.swift"; sourceTree = "<group>"; };
		C11335DE1DF39CB700967A6E /* Store+CoreDataProperties.swift */ = {isa = PBXFileReference; fileEncoding = 4; lastKnownFileType = sourcecode.swift; path = "Store+CoreDataProperties.swift"; sourceTree = "<group>"; };
		C1D807E01DF38FE300EC1B5A /* DreamLister.app */ = {isa = PBXFileReference; explicitFileType = wrapper.application; includeInIndex = 0; path = DreamLister.app; sourceTree = BUILT_PRODUCTS_DIR; };
		C1D807E31DF38FE300EC1B5A /* AppDelegate.swift */ = {isa = PBXFileReference; lastKnownFileType = sourcecode.swift; path = AppDelegate.swift; sourceTree = "<group>"; };
		C1D807E51DF38FE300EC1B5A /* MainVC.swift */ = {isa = PBXFileReference; lastKnownFileType = sourcecode.swift; path = MainVC.swift; sourceTree = "<group>"; };
		C1D807E81DF38FE300EC1B5A /* Base */ = {isa = PBXFileReference; lastKnownFileType = file.storyboard; name = Base; path = Base.lproj/Main.storyboard; sourceTree = "<group>"; };
		C1D807EB1DF38FE300EC1B5A /* DreamLister.xcdatamodel */ = {isa = PBXFileReference; lastKnownFileType = wrapper.xcdatamodel; path = DreamLister.xcdatamodel; sourceTree = "<group>"; };
		C1D807ED1DF38FE300EC1B5A /* Assets.xcassets */ = {isa = PBXFileReference; lastKnownFileType = folder.assetcatalog; path = Assets.xcassets; sourceTree = "<group>"; };
		C1D807F01DF38FE300EC1B5A /* Base */ = {isa = PBXFileReference; lastKnownFileType = file.storyboard; name = Base; path = Base.lproj/LaunchScreen.storyboard; sourceTree = "<group>"; };
		C1D807F21DF38FE300EC1B5A /* Info.plist */ = {isa = PBXFileReference; lastKnownFileType = text.plist.xml; path = Info.plist; sourceTree = "<group>"; };
/* End PBXFileReference section */

/* Begin PBXFrameworksBuildPhase section */
		C1D807DD1DF38FE300EC1B5A /* Frameworks */ = {
			isa = PBXFrameworksBuildPhase;
			buildActionMask = 2147483647;
			files = (
			);
			runOnlyForDeploymentPostprocessing = 0;
		};
/* End PBXFrameworksBuildPhase section */

/* Begin PBXGroup section */
		C11335E71DF425F100967A6E /* Controller */ = {
			isa = PBXGroup;
			children = (
				C1D807E51DF38FE300EC1B5A /* MainVC.swift */,
			);
			name = Controller;
			sourceTree = "<group>";
		};
		C1D807D71DF38FE300EC1B5A = {
			isa = PBXGroup;
			children = (
				C1D807E21DF38FE300EC1B5A /* DreamLister */,
				C1D807E11DF38FE300EC1B5A /* Products */,
			);
			sourceTree = "<group>";
		};
		C1D807E11DF38FE300EC1B5A /* Products */ = {
			isa = PBXGroup;
			children = (
				C1D807E01DF38FE300EC1B5A /* DreamLister.app */,
			);
			name = Products;
			sourceTree = "<group>";
		};
		C1D807E21DF38FE300EC1B5A /* DreamLister */ = {
			isa = PBXGroup;
			children = (
				C11335E71DF425F100967A6E /* Controller */,
				C1D808081DF396D100EC1B5A /* Model */,
				C1D807E31DF38FE300EC1B5A /* AppDelegate.swift */,
				C1D807EF1DF38FE300EC1B5A /* LaunchScreen.storyboard */,
				C1D807E71DF38FE300EC1B5A /* Main.storyboard */,
				C1D807ED1DF38FE300EC1B5A /* Assets.xcassets */,
				C1D807F21DF38FE300EC1B5A /* Info.plist */,
				C1D807EA1DF38FE300EC1B5A /* DreamLister.xcdatamodeld */,
			);
			path = DreamLister;
			sourceTree = "<group>";
		};
		C1D808081DF396D100EC1B5A /* Model */ = {
			isa = PBXGroup;
			children = (
				C11335D71DF39CB700967A6E /* Image+CoreDataClass.swift */,
				C11335D91DF39CB700967A6E /* Item+CoreDataClass.swift */,
				C11335DB1DF39CB700967A6E /* ItemType+CoreDataClass.swift */,
				C11335DD1DF39CB700967A6E /* Store+CoreDataClass.swift */,
				C1D808091DF396D800EC1B5A /* Generated */,
			);
			name = Model;
			sourceTree = "<group>";
		};
		C1D808091DF396D800EC1B5A /* Generated */ = {
			isa = PBXGroup;
			children = (
				C11335D81DF39CB700967A6E /* Image+CoreDataProperties.swift */,
				C11335DA1DF39CB700967A6E /* Item+CoreDataProperties.swift */,
				C11335DC1DF39CB700967A6E /* ItemType+CoreDataProperties.swift */,
				C11335DE1DF39CB700967A6E /* Store+CoreDataProperties.swift */,
			);
			name = Generated;
			sourceTree = "<group>";
		};
/* End PBXGroup section */

/* Begin PBXNativeTarget section */
		C1D807DF1DF38FE300EC1B5A /* DreamLister */ = {
			isa = PBXNativeTarget;
			buildConfigurationList = C1D807F51DF38FE300EC1B5A /* Build configuration list for PBXNativeTarget "DreamLister" */;
			buildPhases = (
				C1D807DC1DF38FE300EC1B5A /* Sources */,
				C1D807DD1DF38FE300EC1B5A /* Frameworks */,
				C1D807DE1DF38FE300EC1B5A /* Resources */,
			);
			buildRules = (
			);
			dependencies = (
			);
			name = DreamLister;
			productName = DreamLister;
			productReference = C1D807E01DF38FE300EC1B5A /* DreamLister.app */;
			productType = "com.apple.product-type.application";
		};
/* End PBXNativeTarget section */

/* Begin PBXProject section */
		C1D807D81DF38FE300EC1B5A /* Project object */ = {
			isa = PBXProject;
			attributes = {
				LastSwiftUpdateCheck = 0810;
				LastUpgradeCheck = 0810;
				ORGANIZATIONNAME = EpicDory;
				TargetAttributes = {
					C1D807DF1DF38FE300EC1B5A = {
						CreatedOnToolsVersion = 8.1;
						DevelopmentTeam = HDUPBT5CLW;
						ProvisioningStyle = Automatic;
					};
				};
			};
			buildConfigurationList = C1D807DB1DF38FE300EC1B5A /* Build configuration list for PBXProject "DreamLister" */;
			compatibilityVersion = "Xcode 3.2";
			developmentRegion = English;
			hasScannedForEncodings = 0;
			knownRegions = (
				en,
				Base,
			);
			mainGroup = C1D807D71DF38FE300EC1B5A;
			productRefGroup = C1D807E11DF38FE300EC1B5A /* Products */;
			projectDirPath = "";
			projectRoot = "";
			targets = (
				C1D807DF1DF38FE300EC1B5A /* DreamLister */,
			);
		};
/* End PBXProject section */

/* Begin PBXResourcesBuildPhase section */
		C1D807DE1DF38FE300EC1B5A /* Resources */ = {
			isa = PBXResourcesBuildPhase;
			buildActionMask = 2147483647;
			files = (
				C1D807F11DF38FE300EC1B5A /* LaunchScreen.storyboard in Resources */,
				C1D807EE1DF38FE300EC1B5A /* Assets.xcassets in Resources */,
				C1D807E91DF38FE300EC1B5A /* Main.storyboard in Resources */,
			);
			runOnlyForDeploymentPostprocessing = 0;
		};
/* End PBXResourcesBuildPhase section */

/* Begin PBXSourcesBuildPhase section */
		C1D807DC1DF38FE300EC1B5A /* Sources */ = {
			isa = PBXSourcesBuildPhase;
			buildActionMask = 2147483647;
			files = (
				C11335E21DF39CB700967A6E /* Item+CoreDataProperties.swift in Sources */,
				C11335E11DF39CB700967A6E /* Item+CoreDataClass.swift in Sources */,
				C11335E41DF39CB700967A6E /* ItemType+CoreDataProperties.swift in Sources */,
				C1D807E61DF38FE300EC1B5A /* MainVC.swift in Sources */,
				C11335E61DF39CB700967A6E /* Store+CoreDataProperties.swift in Sources */,
				C11335E01DF39CB700967A6E /* Image+CoreDataProperties.swift in Sources */,
				C11335E31DF39CB700967A6E /* ItemType+CoreDataClass.swift in Sources */,
				C1D807E41DF38FE300EC1B5A /* AppDelegate.swift in Sources */,
				C11335E51DF39CB700967A6E /* Store+CoreDataClass.swift in Sources */,
				C1D807EC1DF38FE300EC1B5A /* DreamLister.xcdatamodeld in Sources */,
				C11335DF1DF39CB700967A6E /* Image+CoreDataClass.swift in Sources */,
			);
			runOnlyForDeploymentPostprocessing = 0;
		};
/* End PBXSourcesBuildPhase section */

/* Begin PBXVariantGroup section */
		C1D807E71DF38FE300EC1B5A /* Main.storyboard */ = {
			isa = PBXVariantGroup;
			children = (
				C1D807E81DF38FE300EC1B5A /* Base */,
			);
			name = Main.storyboard;
			sourceTree = "<group>";
		};
		C1D807EF1DF38FE300EC1B5A /* LaunchScreen.storyboard */ = {
			isa = PBXVariantGroup;
			children = (
				C1D807F01DF38FE300EC1B5A /* Base */,
			);
			name = LaunchScreen.storyboard;
			sourceTree = "<group>";
		};
/* End PBXVariantGroup section */

/* Begin XCBuildConfiguration section */
		C1D807F31DF38FE300EC1B5A /* Debug */ = {
			isa = XCBuildConfiguration;
			buildSettings = {
				ALWAYS_SEARCH_USER_PATHS = NO;
				CLANG_ANALYZER_NONNULL = YES;
				CLANG_CXX_LANGUAGE_STANDARD = "gnu++0x";
				CLANG_CXX_LIBRARY = "libc++";
				CLANG_ENABLE_MODULES = YES;
				CLANG_ENABLE_OBJC_ARC = YES;
				CLANG_WARN_BOOL_CONVERSION = YES;
				CLANG_WARN_CONSTANT_CONVERSION = YES;
				CLANG_WARN_DIRECT_OBJC_ISA_USAGE = YES_ERROR;
				CLANG_WARN_DOCUMENTATION_COMMENTS = YES;
				CLANG_WARN_EMPTY_BODY = YES;
				CLANG_WARN_ENUM_CONVERSION = YES;
				CLANG_WARN_INFINITE_RECURSION = YES;
				CLANG_WARN_INT_CONVERSION = YES;
				CLANG_WARN_OBJC_ROOT_CLASS = YES_ERROR;
				CLANG_WARN_SUSPICIOUS_MOVES = YES;
				CLANG_WARN_UNREACHABLE_CODE = YES;
				CLANG_WARN__DUPLICATE_METHOD_MATCH = YES;
				"CODE_SIGN_IDENTITY[sdk=iphoneos*]" = "iPhone Developer";
				COPY_PHASE_STRIP = NO;
				DEBUG_INFORMATION_FORMAT = dwarf;
				ENABLE_STRICT_OBJC_MSGSEND = YES;
				ENABLE_TESTABILITY = YES;
				GCC_C_LANGUAGE_STANDARD = gnu99;
				GCC_DYNAMIC_NO_PIC = NO;
				GCC_NO_COMMON_BLOCKS = YES;
				GCC_OPTIMIZATION_LEVEL = 0;
				GCC_PREPROCESSOR_DEFINITIONS = (
					"DEBUG=1",
					"$(inherited)",
				);
				GCC_WARN_64_TO_32_BIT_CONVERSION = YES;
				GCC_WARN_ABOUT_RETURN_TYPE = YES_ERROR;
				GCC_WARN_UNDECLARED_SELECTOR = YES;
				GCC_WARN_UNINITIALIZED_AUTOS = YES_AGGRESSIVE;
				GCC_WARN_UNUSED_FUNCTION = YES;
				GCC_WARN_UNUSED_VARIABLE = YES;
				IPHONEOS_DEPLOYMENT_TARGET = 10.1;
				MTL_ENABLE_DEBUG_INFO = YES;
				ONLY_ACTIVE_ARCH = YES;
				SDKROOT = iphoneos;
				SWIFT_ACTIVE_COMPILATION_CONDITIONS = DEBUG;
				SWIFT_OPTIMIZATION_LEVEL = "-Onone";
			};
			name = Debug;
		};
		C1D807F41DF38FE300EC1B5A /* Release */ = {
			isa = XCBuildConfiguration;
			buildSettings = {
				ALWAYS_SEARCH_USER_PATHS = NO;
				CLANG_ANALYZER_NONNULL = YES;
				CLANG_CXX_LANGUAGE_STANDARD = "gnu++0x";
				CLANG_CXX_LIBRARY = "libc++";
				CLANG_ENABLE_MODULES = YES;
				CLANG_ENABLE_OBJC_ARC = YES;
				CLANG_WARN_BOOL_CONVERSION = YES;
				CLANG_WARN_CONSTANT_CONVERSION = YES;
				CLANG_WARN_DIRECT_OBJC_ISA_USAGE = YES_ERROR;
				CLANG_WARN_DOCUMENTATION_COMMENTS = YES;
				CLANG_WARN_EMPTY_BODY = YES;
				CLANG_WARN_ENUM_CONVERSION = YES;
				CLANG_WARN_INFINITE_RECURSION = YES;
				CLANG_WARN_INT_CONVERSION = YES;
				CLANG_WARN_OBJC_ROOT_CLASS = YES_ERROR;
				CLANG_WARN_SUSPICIOUS_MOVES = YES;
				CLANG_WARN_UNREACHABLE_CODE = YES;
				CLANG_WARN__DUPLICATE_METHOD_MATCH = YES;
				"CODE_SIGN_IDENTITY[sdk=iphoneos*]" = "iPhone Developer";
				COPY_PHASE_STRIP = NO;
				DEBUG_INFORMATION_FORMAT = "dwarf-with-dsym";
				ENABLE_NS_ASSERTIONS = NO;
				ENABLE_STRICT_OBJC_MSGSEND = YES;
				GCC_C_LANGUAGE_STANDARD = gnu99;
				GCC_NO_COMMON_BLOCKS = YES;
				GCC_WARN_64_TO_32_BIT_CONVERSION = YES;
				GCC_WARN_ABOUT_RETURN_TYPE = YES_ERROR;
				GCC_WARN_UNDECLARED_SELECTOR = YES;
				GCC_WARN_UNINITIALIZED_AUTOS = YES_AGGRESSIVE;
				GCC_WARN_UNUSED_FUNCTION = YES;
				GCC_WARN_UNUSED_VARIABLE = YES;
				IPHONEOS_DEPLOYMENT_TARGET = 10.1;
				MTL_ENABLE_DEBUG_INFO = NO;
				SDKROOT = iphoneos;
				SWIFT_OPTIMIZATION_LEVEL = "-Owholemodule";
				VALIDATE_PRODUCT = YES;
			};
			name = Release;
		};
		C1D807F61DF38FE300EC1B5A /* Debug */ = {
			isa = XCBuildConfiguration;
			buildSettings = {
				ASSETCATALOG_COMPILER_APPICON_NAME = AppIcon;
				DEVELOPMENT_TEAM = HDUPBT5CLW;
				INFOPLIST_FILE = DreamLister/Info.plist;
				LD_RUNPATH_SEARCH_PATHS = "$(inherited) @executable_path/Frameworks";
				PRODUCT_BUNDLE_IDENTIFIER = com.EpicDory.DreamLister;
				PRODUCT_NAME = "$(TARGET_NAME)";
				SWIFT_VERSION = 3.0;
			};
			name = Debug;
		};
		C1D807F71DF38FE300EC1B5A /* Release */ = {
			isa = XCBuildConfiguration;
			buildSettings = {
				ASSETCATALOG_COMPILER_APPICON_NAME = AppIcon;
				DEVELOPMENT_TEAM = HDUPBT5CLW;
				INFOPLIST_FILE = DreamLister/Info.plist;
				LD_RUNPATH_SEARCH_PATHS = "$(inherited) @executable_path/Frameworks";
				PRODUCT_BUNDLE_IDENTIFIER = com.EpicDory.DreamLister;
				PRODUCT_NAME = "$(TARGET_NAME)";
				SWIFT_VERSION = 3.0;
			};
			name = Release;
		};
/* End XCBuildConfiguration section */

/* Begin XCConfigurationList section */
		C1D807DB1DF38FE300EC1B5A /* Build configuration list for PBXProject "DreamLister" */ = {
			isa = XCConfigurationList;
			buildConfigurations = (
				C1D807F31DF38FE300EC1B5A /* Debug */,
				C1D807F41DF38FE300EC1B5A /* Release */,
			);
			defaultConfigurationIsVisible = 0;
			defaultConfigurationName = Release;
		};
		C1D807F51DF38FE300EC1B5A /* Build configuration list for PBXNativeTarget "DreamLister" */ = {
			isa = XCConfigurationList;
			buildConfigurations = (
				C1D807F61DF38FE300EC1B5A /* Debug */,
				C1D807F71DF38FE300EC1B5A /* Release */,
			);
			defaultConfigurationIsVisible = 0;
			defaultConfigurationName = Release;
		};
/* End XCConfigurationList section */

/* Begin XCVersionGroup section */
		C1D807EA1DF38FE300EC1B5A /* DreamLister.xcdatamodeld */ = {
			isa = XCVersionGroup;
			children = (
				C1D807EB1DF38FE300EC1B5A /* DreamLister.xcdatamodel */,
			);
			currentVersion = C1D807EB1DF38FE300EC1B5A /* DreamLister.xcdatamodel */;
			path = DreamLister.xcdatamodeld;
			sourceTree = "<group>";
			versionGroupType = wrapper.xcdatamodel;
		};
/* End XCVersionGroup section */
	};
	rootObject = C1D807D81DF38FE300EC1B5A /* Project object */;
}
